
Microsoft Visual Studio Solution File, Format Version 12.00
# Visual Studio Version 17
VisualStudioVersion = 17.2.32516.85
MinimumVisualStudioVersion = 10.0.40219.1
Project("{9A19103F-16F7-4668-BE54-9A1E7A4F7556}") = "BIA.ToolKit", "BIA.ToolKit\BIA.ToolKit.csproj", "{9E2816DA-B405-454D-B1B0-7FE651681BF5}"
EndProject
Project("{2150E333-8FDC-42A3-9474-1A3956D46DE8}") = "01 - Presentation", "01 - Presentation", "{C2814EF5-0393-49A6-806B-9331A33B281A}"
EndProject
Project("{2150E333-8FDC-42A3-9474-1A3956D46DE8}") = "02 - Application", "02 - Application", "{9F8F7BB7-618A-48F5-AA18-267B9684BBFE}"
EndProject
Project("{9A19103F-16F7-4668-BE54-9A1E7A4F7556}") = "BIA.ToolKit.Application", "BIA.ToolKit.Application\BIA.ToolKit.Application.csproj", "{5F8ED59F-AB50-4238-95E1-B1823885B04F}"
EndProject
Project("{2150E333-8FDC-42A3-9474-1A3956D46DE8}") = "10 - Common", "10 - Common", "{E28E73C7-F7B0-422D-B3F0-DF1694528290}"
EndProject
Project("{9A19103F-16F7-4668-BE54-9A1E7A4F7556}") = "BIA.ToolKit.Common", "BIA.ToolKit.Common\BIA.ToolKit.Common.csproj", "{CCEB7B77-6072-4875-891E-018BD3B1628B}"
EndProject
Project("{2150E333-8FDC-42A3-9474-1A3956D46DE8}") = "03 - Domain", "03 - Domain", "{2EB2D33B-9160-48E8-A005-9A9FEC718C15}"
EndProject
Project("{FAE04EC0-301F-11D3-BF4B-00C04F79EFBC}") = "BIA.ToolKit.Domain", "BIA.ToolKit.Domain\BIA.ToolKit.Domain.csproj", "{9748E10E-15E5-4912-8D42-D751305BC82D}"
EndProject
Project("{C7167F0D-BC9F-4E6E-AFE1-012C56B48DB5}") = "Bia.ToolKit.MSIX", "Bia.ToolKit.MSIX\Bia.ToolKit.MSIX.wapproj", "{EE1B7E91-D3A1-4C1C-AF00-4D4143B08F9A}"
EndProject
Project("{2150E333-8FDC-42A3-9474-1A3956D46DE8}") = "99 - MSIX", "99 - MSIX", "{9291DBB4-991F-4905-821E-F05946885CA5}"
	ProjectSection(SolutionItems) = preProject
		Bia.ToolKit.MSIX\MSIX-README.md = Bia.ToolKit.MSIX\MSIX-README.md
	EndProjectSection
EndProject
Project("{2150E333-8FDC-42A3-9474-1A3956D46DE8}") = "90 - Package", "90 - Package", "{4F91B1F2-8169-4020-A298-60F14C26D443}"
	ProjectSection(SolutionItems) = preProject
		package.json = package.json
		package.ps1 = package.ps1
	EndProjectSection
EndProject
Project("{FAE04EC0-301F-11D3-BF4B-00C04F79EFBC}") = "BIA.ToolKit.Updater", "BIA.ToolKit.Updater\BIA.ToolKit.Updater.csproj", "{3934B718-A2E2-4701-AB45-AC32613E5B4B}"
EndProject
Project("{FAE04EC0-301F-11D3-BF4B-00C04F79EFBC}") = "BIA.ToolKit.Package", "BIA.ToolKit.Package\BIA.ToolKit.Package.csproj", "{8B26FF88-29F0-48DE-8995-FD0D45ED4943}"
EndProject
Global
	GlobalSection(SolutionConfigurationPlatforms) = preSolution
		Debug|Any CPU = Debug|Any CPU
		Debug|ARM = Debug|ARM
		Debug|ARM64 = Debug|ARM64
		Debug|x64 = Debug|x64
		Debug|x86 = Debug|x86
		Release|Any CPU = Release|Any CPU
		Release|ARM = Release|ARM
		Release|ARM64 = Release|ARM64
		Release|x64 = Release|x64
		Release|x86 = Release|x86
	EndGlobalSection
	GlobalSection(ProjectConfigurationPlatforms) = postSolution
		{9E2816DA-B405-454D-B1B0-7FE651681BF5}.Debug|Any CPU.ActiveCfg = Debug|Any CPU
		{9E2816DA-B405-454D-B1B0-7FE651681BF5}.Debug|Any CPU.Build.0 = Debug|Any CPU
		{9E2816DA-B405-454D-B1B0-7FE651681BF5}.Debug|ARM.ActiveCfg = Debug|Any CPU
		{9E2816DA-B405-454D-B1B0-7FE651681BF5}.Debug|ARM.Build.0 = Debug|Any CPU
		{9E2816DA-B405-454D-B1B0-7FE651681BF5}.Debug|ARM64.ActiveCfg = Debug|Any CPU
		{9E2816DA-B405-454D-B1B0-7FE651681BF5}.Debug|ARM64.Build.0 = Debug|Any CPU
		{9E2816DA-B405-454D-B1B0-7FE651681BF5}.Debug|x64.ActiveCfg = Debug|Any CPU
		{9E2816DA-B405-454D-B1B0-7FE651681BF5}.Debug|x64.Build.0 = Debug|Any CPU
		{9E2816DA-B405-454D-B1B0-7FE651681BF5}.Debug|x86.ActiveCfg = Debug|Any CPU
		{9E2816DA-B405-454D-B1B0-7FE651681BF5}.Debug|x86.Build.0 = Debug|Any CPU
		{9E2816DA-B405-454D-B1B0-7FE651681BF5}.Release|Any CPU.ActiveCfg = Release|Any CPU
		{9E2816DA-B405-454D-B1B0-7FE651681BF5}.Release|Any CPU.Build.0 = Release|Any CPU
		{9E2816DA-B405-454D-B1B0-7FE651681BF5}.Release|ARM.ActiveCfg = Release|Any CPU
		{9E2816DA-B405-454D-B1B0-7FE651681BF5}.Release|ARM.Build.0 = Release|Any CPU
		{9E2816DA-B405-454D-B1B0-7FE651681BF5}.Release|ARM64.ActiveCfg = Release|Any CPU
		{9E2816DA-B405-454D-B1B0-7FE651681BF5}.Release|ARM64.Build.0 = Release|Any CPU
		{9E2816DA-B405-454D-B1B0-7FE651681BF5}.Release|x64.ActiveCfg = Release|x64
		{9E2816DA-B405-454D-B1B0-7FE651681BF5}.Release|x64.Build.0 = Release|x64
		{9E2816DA-B405-454D-B1B0-7FE651681BF5}.Release|x86.ActiveCfg = Release|Any CPU
		{9E2816DA-B405-454D-B1B0-7FE651681BF5}.Release|x86.Build.0 = Release|Any CPU
		{5F8ED59F-AB50-4238-95E1-B1823885B04F}.Debug|Any CPU.ActiveCfg = Debug|Any CPU
		{5F8ED59F-AB50-4238-95E1-B1823885B04F}.Debug|Any CPU.Build.0 = Debug|Any CPU
		{5F8ED59F-AB50-4238-95E1-B1823885B04F}.Debug|ARM.ActiveCfg = Debug|Any CPU
		{5F8ED59F-AB50-4238-95E1-B1823885B04F}.Debug|ARM.Build.0 = Debug|Any CPU
		{5F8ED59F-AB50-4238-95E1-B1823885B04F}.Debug|ARM64.ActiveCfg = Debug|Any CPU
		{5F8ED59F-AB50-4238-95E1-B1823885B04F}.Debug|ARM64.Build.0 = Debug|Any CPU
		{5F8ED59F-AB50-4238-95E1-B1823885B04F}.Debug|x64.ActiveCfg = Debug|Any CPU
		{5F8ED59F-AB50-4238-95E1-B1823885B04F}.Debug|x64.Build.0 = Debug|Any CPU
		{5F8ED59F-AB50-4238-95E1-B1823885B04F}.Debug|x86.ActiveCfg = Debug|Any CPU
		{5F8ED59F-AB50-4238-95E1-B1823885B04F}.Debug|x86.Build.0 = Debug|Any CPU
		{5F8ED59F-AB50-4238-95E1-B1823885B04F}.Release|Any CPU.ActiveCfg = Release|Any CPU
		{5F8ED59F-AB50-4238-95E1-B1823885B04F}.Release|Any CPU.Build.0 = Release|Any CPU
		{5F8ED59F-AB50-4238-95E1-B1823885B04F}.Release|ARM.ActiveCfg = Release|Any CPU
		{5F8ED59F-AB50-4238-95E1-B1823885B04F}.Release|ARM.Build.0 = Release|Any CPU
		{5F8ED59F-AB50-4238-95E1-B1823885B04F}.Release|ARM64.ActiveCfg = Release|Any CPU
		{5F8ED59F-AB50-4238-95E1-B1823885B04F}.Release|ARM64.Build.0 = Release|Any CPU
		{5F8ED59F-AB50-4238-95E1-B1823885B04F}.Release|x64.ActiveCfg = Release|x64
		{5F8ED59F-AB50-4238-95E1-B1823885B04F}.Release|x64.Build.0 = Release|x64
		{5F8ED59F-AB50-4238-95E1-B1823885B04F}.Release|x86.ActiveCfg = Release|Any CPU
		{5F8ED59F-AB50-4238-95E1-B1823885B04F}.Release|x86.Build.0 = Release|Any CPU
		{CCEB7B77-6072-4875-891E-018BD3B1628B}.Debug|Any CPU.ActiveCfg = Debug|Any CPU
		{CCEB7B77-6072-4875-891E-018BD3B1628B}.Debug|Any CPU.Build.0 = Debug|Any CPU
		{CCEB7B77-6072-4875-891E-018BD3B1628B}.Debug|ARM.ActiveCfg = Debug|Any CPU
		{CCEB7B77-6072-4875-891E-018BD3B1628B}.Debug|ARM.Build.0 = Debug|Any CPU
		{CCEB7B77-6072-4875-891E-018BD3B1628B}.Debug|ARM64.ActiveCfg = Debug|Any CPU
		{CCEB7B77-6072-4875-891E-018BD3B1628B}.Debug|ARM64.Build.0 = Debug|Any CPU
		{CCEB7B77-6072-4875-891E-018BD3B1628B}.Debug|x64.ActiveCfg = Debug|Any CPU
		{CCEB7B77-6072-4875-891E-018BD3B1628B}.Debug|x64.Build.0 = Debug|Any CPU
		{CCEB7B77-6072-4875-891E-018BD3B1628B}.Debug|x86.ActiveCfg = Debug|Any CPU
		{CCEB7B77-6072-4875-891E-018BD3B1628B}.Debug|x86.Build.0 = Debug|Any CPU
		{CCEB7B77-6072-4875-891E-018BD3B1628B}.Release|Any CPU.ActiveCfg = Release|Any CPU
		{CCEB7B77-6072-4875-891E-018BD3B1628B}.Release|Any CPU.Build.0 = Release|Any CPU
		{CCEB7B77-6072-4875-891E-018BD3B1628B}.Release|ARM.ActiveCfg = Release|Any CPU
		{CCEB7B77-6072-4875-891E-018BD3B1628B}.Release|ARM.Build.0 = Release|Any CPU
		{CCEB7B77-6072-4875-891E-018BD3B1628B}.Release|ARM64.ActiveCfg = Release|Any CPU
		{CCEB7B77-6072-4875-891E-018BD3B1628B}.Release|ARM64.Build.0 = Release|Any CPU
		{CCEB7B77-6072-4875-891E-018BD3B1628B}.Release|x64.ActiveCfg = Release|x64
		{CCEB7B77-6072-4875-891E-018BD3B1628B}.Release|x64.Build.0 = Release|x64
		{CCEB7B77-6072-4875-891E-018BD3B1628B}.Release|x86.ActiveCfg = Release|Any CPU
		{CCEB7B77-6072-4875-891E-018BD3B1628B}.Release|x86.Build.0 = Release|Any CPU
		{9748E10E-15E5-4912-8D42-D751305BC82D}.Debug|Any CPU.ActiveCfg = Debug|Any CPU
		{9748E10E-15E5-4912-8D42-D751305BC82D}.Debug|Any CPU.Build.0 = Debug|Any CPU
		{9748E10E-15E5-4912-8D42-D751305BC82D}.Debug|ARM.ActiveCfg = Debug|Any CPU
		{9748E10E-15E5-4912-8D42-D751305BC82D}.Debug|ARM.Build.0 = Debug|Any CPU
		{9748E10E-15E5-4912-8D42-D751305BC82D}.Debug|ARM64.ActiveCfg = Debug|Any CPU
		{9748E10E-15E5-4912-8D42-D751305BC82D}.Debug|ARM64.Build.0 = Debug|Any CPU
		{9748E10E-15E5-4912-8D42-D751305BC82D}.Debug|x64.ActiveCfg = Debug|Any CPU
		{9748E10E-15E5-4912-8D42-D751305BC82D}.Debug|x64.Build.0 = Debug|Any CPU
		{9748E10E-15E5-4912-8D42-D751305BC82D}.Debug|x86.ActiveCfg = Debug|Any CPU
		{9748E10E-15E5-4912-8D42-D751305BC82D}.Debug|x86.Build.0 = Debug|Any CPU
		{9748E10E-15E5-4912-8D42-D751305BC82D}.Release|Any CPU.ActiveCfg = Release|Any CPU
		{9748E10E-15E5-4912-8D42-D751305BC82D}.Release|Any CPU.Build.0 = Release|Any CPU
		{9748E10E-15E5-4912-8D42-D751305BC82D}.Release|ARM.ActiveCfg = Release|Any CPU
		{9748E10E-15E5-4912-8D42-D751305BC82D}.Release|ARM.Build.0 = Release|Any CPU
		{9748E10E-15E5-4912-8D42-D751305BC82D}.Release|ARM64.ActiveCfg = Release|Any CPU
		{9748E10E-15E5-4912-8D42-D751305BC82D}.Release|ARM64.Build.0 = Release|Any CPU
		{9748E10E-15E5-4912-8D42-D751305BC82D}.Release|x64.ActiveCfg = Release|x64
		{9748E10E-15E5-4912-8D42-D751305BC82D}.Release|x64.Build.0 = Release|x64
		{9748E10E-15E5-4912-8D42-D751305BC82D}.Release|x86.ActiveCfg = Release|Any CPU
		{9748E10E-15E5-4912-8D42-D751305BC82D}.Release|x86.Build.0 = Release|Any CPU
		{EE1B7E91-D3A1-4C1C-AF00-4D4143B08F9A}.Debug|Any CPU.ActiveCfg = Debug|Any CPU
		{EE1B7E91-D3A1-4C1C-AF00-4D4143B08F9A}.Debug|Any CPU.Build.0 = Debug|Any CPU
		{EE1B7E91-D3A1-4C1C-AF00-4D4143B08F9A}.Debug|Any CPU.Deploy.0 = Debug|Any CPU
		{EE1B7E91-D3A1-4C1C-AF00-4D4143B08F9A}.Debug|ARM.ActiveCfg = Debug|ARM
		{EE1B7E91-D3A1-4C1C-AF00-4D4143B08F9A}.Debug|ARM.Build.0 = Debug|ARM
		{EE1B7E91-D3A1-4C1C-AF00-4D4143B08F9A}.Debug|ARM.Deploy.0 = Debug|ARM
		{EE1B7E91-D3A1-4C1C-AF00-4D4143B08F9A}.Debug|ARM64.ActiveCfg = Debug|ARM64
		{EE1B7E91-D3A1-4C1C-AF00-4D4143B08F9A}.Debug|ARM64.Build.0 = Debug|ARM64
		{EE1B7E91-D3A1-4C1C-AF00-4D4143B08F9A}.Debug|ARM64.Deploy.0 = Debug|ARM64
		{EE1B7E91-D3A1-4C1C-AF00-4D4143B08F9A}.Debug|x64.ActiveCfg = Debug|Any CPU
		{EE1B7E91-D3A1-4C1C-AF00-4D4143B08F9A}.Debug|x86.ActiveCfg = Debug|x86
		{EE1B7E91-D3A1-4C1C-AF00-4D4143B08F9A}.Debug|x86.Build.0 = Debug|x86
		{EE1B7E91-D3A1-4C1C-AF00-4D4143B08F9A}.Debug|x86.Deploy.0 = Debug|x86
		{EE1B7E91-D3A1-4C1C-AF00-4D4143B08F9A}.Release|Any CPU.ActiveCfg = Release|Any CPU
		{EE1B7E91-D3A1-4C1C-AF00-4D4143B08F9A}.Release|ARM.ActiveCfg = Release|ARM
		{EE1B7E91-D3A1-4C1C-AF00-4D4143B08F9A}.Release|ARM.Build.0 = Release|ARM
		{EE1B7E91-D3A1-4C1C-AF00-4D4143B08F9A}.Release|ARM.Deploy.0 = Release|ARM
		{EE1B7E91-D3A1-4C1C-AF00-4D4143B08F9A}.Release|ARM64.ActiveCfg = Release|ARM64
		{EE1B7E91-D3A1-4C1C-AF00-4D4143B08F9A}.Release|ARM64.Build.0 = Release|ARM64
		{EE1B7E91-D3A1-4C1C-AF00-4D4143B08F9A}.Release|ARM64.Deploy.0 = Release|ARM64
		{EE1B7E91-D3A1-4C1C-AF00-4D4143B08F9A}.Release|x64.ActiveCfg = Release|x64
		{EE1B7E91-D3A1-4C1C-AF00-4D4143B08F9A}.Release|x86.ActiveCfg = Release|x86
		{EE1B7E91-D3A1-4C1C-AF00-4D4143B08F9A}.Release|x86.Build.0 = Release|x86
		{EE1B7E91-D3A1-4C1C-AF00-4D4143B08F9A}.Release|x86.Deploy.0 = Release|x86
		{3934B718-A2E2-4701-AB45-AC32613E5B4B}.Debug|Any CPU.ActiveCfg = Debug|Any CPU
		{3934B718-A2E2-4701-AB45-AC32613E5B4B}.Debug|Any CPU.Build.0 = Debug|Any CPU
		{3934B718-A2E2-4701-AB45-AC32613E5B4B}.Debug|ARM.ActiveCfg = Debug|Any CPU
		{3934B718-A2E2-4701-AB45-AC32613E5B4B}.Debug|ARM.Build.0 = Debug|Any CPU
		{3934B718-A2E2-4701-AB45-AC32613E5B4B}.Debug|ARM64.ActiveCfg = Debug|Any CPU
		{3934B718-A2E2-4701-AB45-AC32613E5B4B}.Debug|ARM64.Build.0 = Debug|Any CPU
		{3934B718-A2E2-4701-AB45-AC32613E5B4B}.Debug|x64.ActiveCfg = Debug|Any CPU
		{3934B718-A2E2-4701-AB45-AC32613E5B4B}.Debug|x64.Build.0 = Debug|Any CPU
		{3934B718-A2E2-4701-AB45-AC32613E5B4B}.Debug|x86.ActiveCfg = Debug|Any CPU
		{3934B718-A2E2-4701-AB45-AC32613E5B4B}.Debug|x86.Build.0 = Debug|Any CPU
		{3934B718-A2E2-4701-AB45-AC32613E5B4B}.Release|Any CPU.ActiveCfg = Release|Any CPU
		{3934B718-A2E2-4701-AB45-AC32613E5B4B}.Release|Any CPU.Build.0 = Release|Any CPU
		{3934B718-A2E2-4701-AB45-AC32613E5B4B}.Release|ARM.ActiveCfg = Release|Any CPU
		{3934B718-A2E2-4701-AB45-AC32613E5B4B}.Release|ARM.Build.0 = Release|Any CPU
		{3934B718-A2E2-4701-AB45-AC32613E5B4B}.Release|ARM64.ActiveCfg = Release|Any CPU
		{3934B718-A2E2-4701-AB45-AC32613E5B4B}.Release|ARM64.Build.0 = Release|Any CPU
		{3934B718-A2E2-4701-AB45-AC32613E5B4B}.Release|x64.ActiveCfg = Release|x64
		{3934B718-A2E2-4701-AB45-AC32613E5B4B}.Release|x64.Build.0 = Release|x64
		{3934B718-A2E2-4701-AB45-AC32613E5B4B}.Release|x86.ActiveCfg = Release|Any CPU
		{3934B718-A2E2-4701-AB45-AC32613E5B4B}.Release|x86.Build.0 = Release|Any CPU
		{8B26FF88-29F0-48DE-8995-FD0D45ED4943}.Debug|Any CPU.ActiveCfg = Debug|Any CPU
		{8B26FF88-29F0-48DE-8995-FD0D45ED4943}.Debug|Any CPU.Build.0 = Debug|Any CPU
		{8B26FF88-29F0-48DE-8995-FD0D45ED4943}.Debug|ARM.ActiveCfg = Debug|Any CPU
		{8B26FF88-29F0-48DE-8995-FD0D45ED4943}.Debug|ARM.Build.0 = Debug|Any CPU
		{8B26FF88-29F0-48DE-8995-FD0D45ED4943}.Debug|ARM64.ActiveCfg = Debug|Any CPU
		{8B26FF88-29F0-48DE-8995-FD0D45ED4943}.Debug|ARM64.Build.0 = Debug|Any CPU
		{8B26FF88-29F0-48DE-8995-FD0D45ED4943}.Debug|x64.ActiveCfg = Debug|Any CPU
		{8B26FF88-29F0-48DE-8995-FD0D45ED4943}.Debug|x64.Build.0 = Debug|Any CPU
		{8B26FF88-29F0-48DE-8995-FD0D45ED4943}.Debug|x86.ActiveCfg = Debug|Any CPU
		{8B26FF88-29F0-48DE-8995-FD0D45ED4943}.Debug|x86.Build.0 = Debug|Any CPU
		{8B26FF88-29F0-48DE-8995-FD0D45ED4943}.Release|Any CPU.ActiveCfg = Release|Any CPU
		{8B26FF88-29F0-48DE-8995-FD0D45ED4943}.Release|Any CPU.Build.0 = Release|Any CPU
		{8B26FF88-29F0-48DE-8995-FD0D45ED4943}.Release|ARM.ActiveCfg = Release|Any CPU
		{8B26FF88-29F0-48DE-8995-FD0D45ED4943}.Release|ARM.Build.0 = Release|Any CPU
		{8B26FF88-29F0-48DE-8995-FD0D45ED4943}.Release|ARM64.ActiveCfg = Release|Any CPU
		{8B26FF88-29F0-48DE-8995-FD0D45ED4943}.Release|ARM64.Build.0 = Release|Any CPU
		{8B26FF88-29F0-48DE-8995-FD0D45ED4943}.Release|x64.ActiveCfg = Release|Any CPU
		{8B26FF88-29F0-48DE-8995-FD0D45ED4943}.Release|x64.Build.0 = Release|Any CPU
		{8B26FF88-29F0-48DE-8995-FD0D45ED4943}.Release|x86.ActiveCfg = Release|Any CPU
		{8B26FF88-29F0-48DE-8995-FD0D45ED4943}.Release|x86.Build.0 = Release|Any CPU
	EndGlobalSection
	GlobalSection(SolutionProperties) = preSolution
		HideSolutionNode = FALSE
	EndGlobalSection
	GlobalSection(NestedProjects) = preSolution
		{9E2816DA-B405-454D-B1B0-7FE651681BF5} = {C2814EF5-0393-49A6-806B-9331A33B281A}
		{5F8ED59F-AB50-4238-95E1-B1823885B04F} = {9F8F7BB7-618A-48F5-AA18-267B9684BBFE}
		{CCEB7B77-6072-4875-891E-018BD3B1628B} = {E28E73C7-F7B0-422D-B3F0-DF1694528290}
		{9748E10E-15E5-4912-8D42-D751305BC82D} = {2EB2D33B-9160-48E8-A005-9A9FEC718C15}
		{EE1B7E91-D3A1-4C1C-AF00-4D4143B08F9A} = {9291DBB4-991F-4905-821E-F05946885CA5}
		{3934B718-A2E2-4701-AB45-AC32613E5B4B} = {4F91B1F2-8169-4020-A298-60F14C26D443}
		{8B26FF88-29F0-48DE-8995-FD0D45ED4943} = {4F91B1F2-8169-4020-A298-60F14C26D443}
	EndGlobalSection
	GlobalSection(ExtensibilityGlobals) = postSolution
		SolutionGuid = {7B77949D-BFAE-4C14-B9E8-0BD523B72096}
	EndGlobalSection
EndGlobal
